
Microsoft Visual Studio Solution File, Format Version 12.00
# Visual Studio Version 17
VisualStudioVersion = 17.5.002.0
MinimumVisualStudioVersion = 10.0.40219.1
Project("{2150E333-8FDC-42A3-9474-1A3956D46DE8}") = "src", "src", "{1A8AF7CE-73D3-431C-A10F-3621B848BD9D}"
EndProject
Project("{9A19103F-16F7-4668-BE54-9A1E7A4F7556}") = "Play.Catalog.Contracts", "src\Play.Catalog.Contracts\Play.Catalog.Contracts.csproj", "{0764C10C-4317-4204-86D5-7CBFEE07A514}"
EndProject
Project("{9A19103F-16F7-4668-BE54-9A1E7A4F7556}") = "Play.Catalog.Service", "src\Play.Catalog.Service\Play.Catalog.Service.csproj", "{FFEBB433-70CB-4407-BAFA-4112AE7AAC0F}"
EndProject
Global
	GlobalSection(SolutionConfigurationPlatforms) = preSolution
		Debug|Any CPU = Debug|Any CPU
		Release|Any CPU = Release|Any CPU
	EndGlobalSection
	GlobalSection(ProjectConfigurationPlatforms) = postSolution
		{0764C10C-4317-4204-86D5-7CBFEE07A514}.Debug|Any CPU.ActiveCfg = Debug|Any CPU
		{0764C10C-4317-4204-86D5-7CBFEE07A514}.Debug|Any CPU.Build.0 = Debug|Any CPU
		{0764C10C-4317-4204-86D5-7CBFEE07A514}.Release|Any CPU.ActiveCfg = Release|Any CPU
		{0764C10C-4317-4204-86D5-7CBFEE07A514}.Release|Any CPU.Build.0 = Release|Any CPU
		{FFEBB433-70CB-4407-BAFA-4112AE7AAC0F}.Debug|Any CPU.ActiveCfg = Debug|Any CPU
		{FFEBB433-70CB-4407-BAFA-4112AE7AAC0F}.Debug|Any CPU.Build.0 = Debug|Any CPU
		{FFEBB433-70CB-4407-BAFA-4112AE7AAC0F}.Release|Any CPU.ActiveCfg = Release|Any CPU
		{FFEBB433-70CB-4407-BAFA-4112AE7AAC0F}.Release|Any CPU.Build.0 = Release|Any CPU
	EndGlobalSection
	GlobalSection(SolutionProperties) = preSolution
		HideSolutionNode = FALSE
	EndGlobalSection
	GlobalSection(NestedProjects) = preSolution
		{0764C10C-4317-4204-86D5-7CBFEE07A514} = {1A8AF7CE-73D3-431C-A10F-3621B848BD9D}
		{FFEBB433-70CB-4407-BAFA-4112AE7AAC0F} = {1A8AF7CE-73D3-431C-A10F-3621B848BD9D}
	EndGlobalSection
	GlobalSection(ExtensibilityGlobals) = postSolution
		SolutionGuid = {04BFFD93-9608-4F16-87F8-F1C235DDDCFF}
	EndGlobalSection
EndGlobal
